# THIS IS AN AUTOGENERATED FILE. DO NOT EDIT THIS FILE DIRECTLY.
# yarn lockfile v1


"@oven/bun-darwin-aarch64@1.1.38":
  version "1.1.38"
  resolved "https://registry.yarnpkg.com/@oven/bun-darwin-aarch64/-/bun-darwin-aarch64-1.1.38.tgz#cd20c9e10e0b4947d4447c89ee856ccaec8881fc"
  integrity sha512-6r+PgOE1s56h16wHs4Tg32ZOB9JQEgLi3V+FyIag/lIKS5FV9rUjfSZSwwI8UGfNqj7RrD5cB+1PT3IFpV6gmA==

"@oven/bun-darwin-x64-baseline@1.1.38":
  version "1.1.38"
  resolved "https://registry.yarnpkg.com/@oven/bun-darwin-x64-baseline/-/bun-darwin-x64-baseline-1.1.38.tgz#cc343c811c05c48ed803a460cec5a365cc0e1a57"
  integrity sha512-hqaAsJGdGXiwwN6Y7dvYWjYwgAB8r3fXFIecjmxeijbOIw8zfru+zKFCBQtHa5AglAUAw1fOSOsWGlu8rtGp7Q==

"@oven/bun-darwin-x64@1.1.38":
  version "1.1.38"
  resolved "https://registry.yarnpkg.com/@oven/bun-darwin-x64/-/bun-darwin-x64-1.1.38.tgz#910fb020036300e506ee223f8a12dea3dcf13db0"
  integrity sha512-eda41VCgQcYkrvRnob1xep8zlOm0Io3q1uiBGMaNL8aSrhpYaz3NhMH1NVlZEFahfIHhCfkin/gSLhJK0qK1fg==

"@oven/bun-linux-aarch64@1.1.38":
  version "1.1.38"
  resolved "https://registry.yarnpkg.com/@oven/bun-linux-aarch64/-/bun-linux-aarch64-1.1.38.tgz#8ef656c84bab2ba4488e22004b1ec933f255fb6b"
  integrity sha512-YIyJ2cBEgvQAYUh1udxe6yximei2QUh6gpdGWmhHiWWRX0VhVxPpZ2E8n6NIlpM2TBy4h/hOndoImiD/XnSq5Q==

"@oven/bun-linux-x64-baseline@1.1.38":
  version "1.1.38"
  resolved "https://registry.yarnpkg.com/@oven/bun-linux-x64-baseline/-/bun-linux-x64-baseline-1.1.38.tgz#d64eb8fca8cfcfc2e13fed75a8fdbcbbd9f95b6b"
  integrity sha512-7Sv4RHpWBVjmkGjER90e99bYYkPiiNPGVP02CTBo49JwHfogVl8md8oWKr9A6K3ZZ05HS5atOg7wrKolkbR0bA==

"@oven/bun-linux-x64@1.1.38":
  version "1.1.38"
  resolved "https://registry.yarnpkg.com/@oven/bun-linux-x64/-/bun-linux-x64-1.1.38.tgz#17ddca46920d0174ccbe5e3cb48390bf31f43b65"
  integrity sha512-foVXWa2/zRPMudxVpr+/COmcF1F849g4JJHTDDzpxIp30Xp7422nSk/c0NESveklrqhCvINq4CNcKnBh3WPFAw==

"@oven/bun-windows-x64-baseline@1.1.38":
  version "1.1.38"
  resolved "https://registry.yarnpkg.com/@oven/bun-windows-x64-baseline/-/bun-windows-x64-baseline-1.1.38.tgz#6cbdd6b6fa8e78cadfad734381c463b8d95c434f"
  integrity sha512-iwvzUC59J/aMwEsCkKyPLVc2oNep2OhWL6VRp2d9Sx0g9hycBgxOfBfAhii0bDOBI/aQAVevcTRoQJ1V79PT9Q==

"@oven/bun-windows-x64@1.1.38":
  version "1.1.38"
  resolved "https://registry.yarnpkg.com/@oven/bun-windows-x64/-/bun-windows-x64-1.1.38.tgz#9332500c4eed658b84eee17222ca9a7c8d7700af"
  integrity sha512-bMo3o7lyfC8HlyaunUXBFZVbVrYCQHHQRPXsCtgtBKzKbe/r51piwtMl4wpcvd5VZUhBDXMPrm7/OR89XXteyA==

"@types/bun@latest":
  version "1.1.14"
  resolved "https://registry.yarnpkg.com/@types/bun/-/bun-1.1.14.tgz#587dead368410b281b1bcbfb61d3ce1a07a63234"
  integrity sha512-opVYiFGtO2af0dnWBdZWlioLBoxSdDO5qokaazLhq8XQtGZbY4pY3/JxY8Zdf/hEwGubbp7ErZXoN1+h2yesxA==
  dependencies:
    bun-types "1.1.37"

"@types/node@*":
  version "22.10.1"
  resolved "https://registry.yarnpkg.com/@types/node/-/node-22.10.1.tgz#41ffeee127b8975a05f8c4f83fb89bcb2987d766"
  integrity sha512-qKgsUwfHZV2WCWLAnVP1JqnpE6Im6h3Y0+fYgMTasNQ7V++CBX5OT1as0g0f+OyubbFqhf6XVNIsmN4IIhEgGQ==
  dependencies:
    undici-types "~6.20.0"

"@types/node@~20.12.8":
  version "20.12.14"
  resolved "https://registry.yarnpkg.com/@types/node/-/node-20.12.14.tgz#0c5cf7ef26aedfd64b0539bba9380ed1f57dcc77"
  integrity sha512-scnD59RpYD91xngrQQLGkE+6UrHUPzeKZWhhjBSa3HSkwjbQc38+q3RoIVEwxQGRw3M+j5hpNAM+lgV3cVormg==
  dependencies:
    undici-types "~5.26.4"

"@types/ws@~8.5.10":
  version "8.5.13"
  resolved "https://registry.yarnpkg.com/@types/ws/-/ws-8.5.13.tgz#6414c280875e2691d0d1e080b05addbf5cb91e20"
  integrity sha512-osM/gWBTPKgHV8XkTunnegTRIsvF6owmf5w+JtAfOw472dptdm0dlGv4xCt6GwQRcC2XVOvvRE/0bAoQcL2QkA==
  dependencies:
    "@types/node" "*"

bun-types@1.1.37:
  version "1.1.37"
  resolved "https://registry.yarnpkg.com/bun-types/-/bun-types-1.1.37.tgz#8caab7fa0dd1490a368c5e4dd0614d500e15e7e9"
  integrity sha512-C65lv6eBr3LPJWFZ2gswyrGZ82ljnH8flVE03xeXxKhi2ZGtFiO4isRKTKnitbSqtRAcaqYSR6djt1whI66AbA==
  dependencies:
    "@types/node" "~20.12.8"
    "@types/ws" "~8.5.10"

bun-types@^1.1.38:
  version "1.1.38"
  resolved "https://registry.yarnpkg.com/bun-types/-/bun-types-1.1.38.tgz#221160a568004b4c60b48234f4fe574d74aad2f2"
  integrity sha512-iglB2t9z1Hc6DIuwwscwWj/csx22QlCZ96QbcqQfiy1wmuZ38srQLI/fDVkFHAo2+KL7aJZGVWF+nAWrR6Njig==
  dependencies:
    "@types/node" "~20.12.8"
    "@types/ws" "~8.5.10"

bun@^1.1.38:
  version "1.1.38"
  resolved "https://registry.yarnpkg.com/bun/-/bun-1.1.38.tgz#bd47e47fa45bf09bc9405b02f970fa682b59090c"
  integrity sha512-cr+UDFiEasyw0kKEbbD7kDewrI2vTo17JssVVjzBv/eNskeL2wikJ+4RNgUfoRqgthCjDZux7r6ELGgIGq6aWw==
  optionalDependencies:
    "@oven/bun-darwin-aarch64" "1.1.38"
    "@oven/bun-darwin-x64" "1.1.38"
    "@oven/bun-darwin-x64-baseline" "1.1.38"
    "@oven/bun-linux-aarch64" "1.1.38"
    "@oven/bun-linux-x64" "1.1.38"
    "@oven/bun-linux-x64-baseline" "1.1.38"
    "@oven/bun-windows-x64" "1.1.38"
    "@oven/bun-windows-x64-baseline" "1.1.38"

undici-types@~5.26.4:
  version "5.26.5"
  resolved "https://registry.yarnpkg.com/undici-types/-/undici-types-5.26.5.tgz#bcd539893d00b56e964fd2657a4866b221a65617"
  integrity sha512-JlCMO+ehdEIKqlFxk6IfVoAUVmgz7cU7zD/h9XZ0qzeosSHmUJVOzSQvvYSYWXkFXC+IfLKSIffhv0sVZup6pA==

undici-types@~6.20.0:
  version "6.20.0"
  resolved "https://registry.yarnpkg.com/undici-types/-/undici-types-6.20.0.tgz#8171bf22c1f588d1554d55bf204bc624af388433"
  integrity sha512-Ny6QZ2Nju20vw1SRHe3d9jVu6gJ+4e3+MMpqu7pqE5HT6WsTSlce++GQmK5UXS8mzV8DSYHrQH+Xrf2jVcuKNg==
